
Microsoft Visual Studio Solution File, Format Version 12.00
# Visual Studio 15
VisualStudioVersion = 15.0.28010.2016
MinimumVisualStudioVersion = 10.0.40219.1
Project("{FAE04EC0-301F-11D3-BF4B-00C04F79EFBC}") = "VoidMethodExercise", "VoidMethodExercise\VoidMethodExercise.csproj", "{0BC2C80E-857C-4191-9381-3D7CF5698C06}"
EndProject
Global
	GlobalSection(SolutionConfigurationPlatforms) = preSolution
		Debug|Any CPU = Debug|Any CPU
		Release|Any CPU = Release|Any CPU
	EndGlobalSection
	GlobalSection(ProjectConfigurationPlatforms) = postSolution
		{0BC2C80E-857C-4191-9381-3D7CF5698C06}.Debug|Any CPU.ActiveCfg = Debug|Any CPU
		{0BC2C80E-857C-4191-9381-3D7CF5698C06}.Debug|Any CPU.Build.0 = Debug|Any CPU
		{0BC2C80E-857C-4191-9381-3D7CF5698C06}.Release|Any CPU.ActiveCfg = Release|Any CPU
		{0BC2C80E-857C-4191-9381-3D7CF5698C06}.Release|Any CPU.Build.0 = Release|Any CPU
	EndGlobalSection
	GlobalSection(SolutionProperties) = preSolution
		HideSolutionNode = FALSE
	EndGlobalSection
	GlobalSection(ExtensibilityGlobals) = postSolution
		SolutionGuid = {4384A256-156C-40CC-BDAD-A840F4312E3E}
	EndGlobalSection
EndGlobal
