
Microsoft Visual Studio Solution File, Format Version 12.00
# Visual Studio 15
VisualStudioVersion = 15.0.28010.2016
MinimumVisualStudioVersion = 10.0.40219.1
Project("{FAE04EC0-301F-11D3-BF4B-00C04F79EFBC}") = "OptionalExercise", "OptionalExercise\OptionalExercise.csproj", "{461F319D-9782-4BB4-9AFF-0BEDE8E14EFE}"
EndProject
Global
	GlobalSection(SolutionConfigurationPlatforms) = preSolution
		Debug|Any CPU = Debug|Any CPU
		Release|Any CPU = Release|Any CPU
	EndGlobalSection
	GlobalSection(ProjectConfigurationPlatforms) = postSolution
		{461F319D-9782-4BB4-9AFF-0BEDE8E14EFE}.Debug|Any CPU.ActiveCfg = Debug|Any CPU
		{461F319D-9782-4BB4-9AFF-0BEDE8E14EFE}.Debug|Any CPU.Build.0 = Debug|Any CPU
		{461F319D-9782-4BB4-9AFF-0BEDE8E14EFE}.Release|Any CPU.ActiveCfg = Release|Any CPU
		{461F319D-9782-4BB4-9AFF-0BEDE8E14EFE}.Release|Any CPU.Build.0 = Release|Any CPU
	EndGlobalSection
	GlobalSection(SolutionProperties) = preSolution
		HideSolutionNode = FALSE
	EndGlobalSection
	GlobalSection(ExtensibilityGlobals) = postSolution
		SolutionGuid = {B250EE38-70D2-4D18-9D21-6D87BC6F2C0C}
	EndGlobalSection
EndGlobal
