
Microsoft Visual Studio Solution File, Format Version 12.00
# Visual Studio 15
VisualStudioVersion = 15.0.28010.2016
MinimumVisualStudioVersion = 10.0.40219.1
Project("{FAE04EC0-301F-11D3-BF4B-00C04F79EFBC}") = "BasicApprovalProgramForCarInsurance", "BasicApprovalProgramForCarInsurance\BasicApprovalProgramForCarInsurance.csproj", "{9E6A82D0-C44D-42F7-BE3D-93692ADD4DC1}"
EndProject
Global
	GlobalSection(SolutionConfigurationPlatforms) = preSolution
		Debug|Any CPU = Debug|Any CPU
		Release|Any CPU = Release|Any CPU
	EndGlobalSection
	GlobalSection(ProjectConfigurationPlatforms) = postSolution
		{9E6A82D0-C44D-42F7-BE3D-93692ADD4DC1}.Debug|Any CPU.ActiveCfg = Debug|Any CPU
		{9E6A82D0-C44D-42F7-BE3D-93692ADD4DC1}.Debug|Any CPU.Build.0 = Debug|Any CPU
		{9E6A82D0-C44D-42F7-BE3D-93692ADD4DC1}.Release|Any CPU.ActiveCfg = Release|Any CPU
		{9E6A82D0-C44D-42F7-BE3D-93692ADD4DC1}.Release|Any CPU.Build.0 = Release|Any CPU
	EndGlobalSection
	GlobalSection(SolutionProperties) = preSolution
		HideSolutionNode = FALSE
	EndGlobalSection
	GlobalSection(ExtensibilityGlobals) = postSolution
		SolutionGuid = {D92BB770-5D39-42B8-800C-85825187DA6D}
	EndGlobalSection
EndGlobal
