
Microsoft Visual Studio Solution File, Format Version 12.00
# Visual Studio 15
VisualStudioVersion = 15.0.28010.2016
MinimumVisualStudioVersion = 10.0.40219.1
Project("{FAE04EC0-301F-11D3-BF4B-00C04F79EFBC}") = "ThreeMethodExercise", "ThreeMethodExercise\ThreeMethodExercise.csproj", "{5408BBCF-75E0-4466-8D5B-CD49877152DB}"
EndProject
Global
	GlobalSection(SolutionConfigurationPlatforms) = preSolution
		Debug|Any CPU = Debug|Any CPU
		Release|Any CPU = Release|Any CPU
	EndGlobalSection
	GlobalSection(ProjectConfigurationPlatforms) = postSolution
		{5408BBCF-75E0-4466-8D5B-CD49877152DB}.Debug|Any CPU.ActiveCfg = Debug|Any CPU
		{5408BBCF-75E0-4466-8D5B-CD49877152DB}.Debug|Any CPU.Build.0 = Debug|Any CPU
		{5408BBCF-75E0-4466-8D5B-CD49877152DB}.Release|Any CPU.ActiveCfg = Release|Any CPU
		{5408BBCF-75E0-4466-8D5B-CD49877152DB}.Release|Any CPU.Build.0 = Release|Any CPU
	EndGlobalSection
	GlobalSection(SolutionProperties) = preSolution
		HideSolutionNode = FALSE
	EndGlobalSection
	GlobalSection(ExtensibilityGlobals) = postSolution
		SolutionGuid = {B0D0B45F-2867-44CB-A7C6-049882F70ED9}
	EndGlobalSection
EndGlobal
