
Microsoft Visual Studio Solution File, Format Version 12.00
# Visual Studio 15
VisualStudioVersion = 15.0.28010.2016
MinimumVisualStudioVersion = 10.0.40219.1
Project("{FAE04EC0-301F-11D3-BF4B-00C04F79EFBC}") = "ShippingQuoteforPackageExersise", "ShippingQuoteforPackageExersise\ShippingQuoteforPackageExersise.csproj", "{0C37342F-3E37-4AD8-A385-F12257E30615}"
EndProject
Global
	GlobalSection(SolutionConfigurationPlatforms) = preSolution
		Debug|Any CPU = Debug|Any CPU
		Release|Any CPU = Release|Any CPU
	EndGlobalSection
	GlobalSection(ProjectConfigurationPlatforms) = postSolution
		{0C37342F-3E37-4AD8-A385-F12257E30615}.Debug|Any CPU.ActiveCfg = Debug|Any CPU
		{0C37342F-3E37-4AD8-A385-F12257E30615}.Debug|Any CPU.Build.0 = Debug|Any CPU
		{0C37342F-3E37-4AD8-A385-F12257E30615}.Release|Any CPU.ActiveCfg = Release|Any CPU
		{0C37342F-3E37-4AD8-A385-F12257E30615}.Release|Any CPU.Build.0 = Release|Any CPU
	EndGlobalSection
	GlobalSection(SolutionProperties) = preSolution
		HideSolutionNode = FALSE
	EndGlobalSection
	GlobalSection(ExtensibilityGlobals) = postSolution
		SolutionGuid = {2CC693AF-E2B3-4E98-8AD9-4BFCBFE4B19D}
	EndGlobalSection
EndGlobal
