
Microsoft Visual Studio Solution File, Format Version 12.00
# Visual Studio 15
VisualStudioVersion = 15.0.28010.2041
MinimumVisualStudioVersion = 10.0.40219.1
Project("{FAE04EC0-301F-11D3-BF4B-00C04F79EFBC}") = "EntityFrameworkCodeFirstExercise", "EntityFrameworkCodeFirstExercise\EntityFrameworkCodeFirstExercise.csproj", "{E515933A-7BB9-4453-A260-D7F3AE891328}"
EndProject
Global
	GlobalSection(SolutionConfigurationPlatforms) = preSolution
		Debug|Any CPU = Debug|Any CPU
		Release|Any CPU = Release|Any CPU
	EndGlobalSection
	GlobalSection(ProjectConfigurationPlatforms) = postSolution
		{E515933A-7BB9-4453-A260-D7F3AE891328}.Debug|Any CPU.ActiveCfg = Debug|Any CPU
		{E515933A-7BB9-4453-A260-D7F3AE891328}.Debug|Any CPU.Build.0 = Debug|Any CPU
		{E515933A-7BB9-4453-A260-D7F3AE891328}.Release|Any CPU.ActiveCfg = Release|Any CPU
		{E515933A-7BB9-4453-A260-D7F3AE891328}.Release|Any CPU.Build.0 = Release|Any CPU
	EndGlobalSection
	GlobalSection(SolutionProperties) = preSolution
		HideSolutionNode = FALSE
	EndGlobalSection
	GlobalSection(ExtensibilityGlobals) = postSolution
		SolutionGuid = {7D3B6AD6-BFC3-48DC-A998-A214AEE7DADD}
	EndGlobalSection
EndGlobal
